// !$*UTF8*$!
{
	archiveVersion = 1;
	classes = {
	};
	objectVersion = 50;
	objects = {

/* Begin PBXBuildFile section */
		BC44602C20AA6C0D00CFF542 /* AppDelegate.swift in Sources */ = {isa = PBXBuildFile; fileRef = BC44602B20AA6C0D00CFF542 /* AppDelegate.swift */; };
		BC44602E20AA6C0D00CFF542 /* ViewController.swift in Sources */ = {isa = PBXBuildFile; fileRef = BC44602D20AA6C0D00CFF542 /* ViewController.swift */; };
		BC44603120AA6C0D00CFF542 /* Main.storyboard in Resources */ = {isa = PBXBuildFile; fileRef = BC44602F20AA6C0D00CFF542 /* Main.storyboard */; };
		BC44603320AA6C0E00CFF542 /* Assets.xcassets in Resources */ = {isa = PBXBuildFile; fileRef = BC44603220AA6C0E00CFF542 /* Assets.xcassets */; };
		BC44603620AA6C0E00CFF542 /* LaunchScreen.storyboard in Resources */ = {isa = PBXBuildFile; fileRef = BC44603420AA6C0E00CFF542 /* LaunchScreen.storyboard */; };
		BC44603F20AA6CC300CFF542 /* PlayingCard.swift in Sources */ = {isa = PBXBuildFile; fileRef = BC44603E20AA6CC300CFF542 /* PlayingCard.swift */; };
		BC44604120AA9A8700CFF542 /* playingCardDeck.swift in Sources */ = {isa = PBXBuildFile; fileRef = BC44604020AA9A8700CFF542 /* playingCardDeck.swift */; };
/* End PBXBuildFile section */

/* Begin PBXFileReference section */
		BC44602820AA6C0D00CFF542 /* PlayingCard.app */ = {isa = PBXFileReference; explicitFileType = wrapper.application; includeInIndex = 0; path = PlayingCard.app; sourceTree = BUILT_PRODUCTS_DIR; };
		BC44602B20AA6C0D00CFF542 /* AppDelegate.swift */ = {isa = PBXFileReference; lastKnownFileType = sourcecode.swift; path = AppDelegate.swift; sourceTree = "<group>"; };
		BC44602D20AA6C0D00CFF542 /* ViewController.swift */ = {isa = PBXFileReference; lastKnownFileType = sourcecode.swift; path = ViewController.swift; sourceTree = "<group>"; };
		BC44603020AA6C0D00CFF542 /* Base */ = {isa = PBXFileReference; lastKnownFileType = file.storyboard; name = Base; path = Base.lproj/Main.storyboard; sourceTree = "<group>"; };
		BC44603220AA6C0E00CFF542 /* Assets.xcassets */ = {isa = PBXFileReference; lastKnownFileType = folder.assetcatalog; path = Assets.xcassets; sourceTree = "<group>"; };
		BC44603520AA6C0E00CFF542 /* Base */ = {isa = PBXFileReference; lastKnownFileType = file.storyboard; name = Base; path = Base.lproj/LaunchScreen.storyboard; sourceTree = "<group>"; };
		BC44603720AA6C0E00CFF542 /* Info.plist */ = {isa = PBXFileReference; lastKnownFileType = text.plist.xml; path = Info.plist; sourceTree = "<group>"; };
		BC44603E20AA6CC300CFF542 /* PlayingCard.swift */ = {isa = PBXFileReference; lastKnownFileType = sourcecode.swift; path = PlayingCard.swift; sourceTree = "<group>"; };
		BC44604020AA9A8700CFF542 /* playingCardDeck.swift */ = {isa = PBXFileReference; lastKnownFileType = sourcecode.swift; path = playingCardDeck.swift; sourceTree = "<group>"; };
/* End PBXFileReference section */

/* Begin PBXFrameworksBuildPhase section */
		BC44602520AA6C0D00CFF542 /* Frameworks */ = {
			isa = PBXFrameworksBuildPhase;
			buildActionMask = 2147483647;
			files = (
			);
			runOnlyForDeploymentPostprocessing = 0;
		};
/* End PBXFrameworksBuildPhase section */

/* Begin PBXGroup section */
		BC44601F20AA6C0D00CFF542 = {
			isa = PBXGroup;
			children = (
				BC44602A20AA6C0D00CFF542 /* PlayingCard */,
				BC44602920AA6C0D00CFF542 /* Products */,
			);
			sourceTree = "<group>";
		};
		BC44602920AA6C0D00CFF542 /* Products */ = {
			isa = PBXGroup;
			children = (
				BC44602820AA6C0D00CFF542 /* PlayingCard.app */,
			);
			name = Products;
			sourceTree = "<group>";
		};
		BC44602A20AA6C0D00CFF542 /* PlayingCard */ = {
			isa = PBXGroup;
			children = (
				BC44602B20AA6C0D00CFF542 /* AppDelegate.swift */,
				BC44603D20AA6C5E00CFF542 /* Supporting */,
				BC44602D20AA6C0D00CFF542 /* ViewController.swift */,
				BC44602F20AA6C0D00CFF542 /* Main.storyboard */,
				BC44603E20AA6CC300CFF542 /* PlayingCard.swift */,
				BC44604020AA9A8700CFF542 /* playingCardDeck.swift */,
				BC44603220AA6C0E00CFF542 /* Assets.xcassets */,
				BC44603420AA6C0E00CFF542 /* LaunchScreen.storyboard */,
				BC44603720AA6C0E00CFF542 /* Info.plist */,
			);
			path = PlayingCard;
			sourceTree = "<group>";
		};
		BC44603D20AA6C5E00CFF542 /* Supporting */ = {
			isa = PBXGroup;
			children = (
			);
			path = Supporting;
			sourceTree = "<group>";
		};
/* End PBXGroup section */

/* Begin PBXNativeTarget section */
		BC44602720AA6C0D00CFF542 /* PlayingCard */ = {
			isa = PBXNativeTarget;
			buildConfigurationList = BC44603A20AA6C0E00CFF542 /* Build configuration list for PBXNativeTarget "PlayingCard" */;
			buildPhases = (
				BC44602420AA6C0D00CFF542 /* Sources */,
				BC44602520AA6C0D00CFF542 /* Frameworks */,
				BC44602620AA6C0D00CFF542 /* Resources */,
			);
			buildRules = (
			);
			dependencies = (
			);
			name = PlayingCard;
			productName = PlayingCard;
			productReference = BC44602820AA6C0D00CFF542 /* PlayingCard.app */;
			productType = "com.apple.product-type.application";
		};
/* End PBXNativeTarget section */

/* Begin PBXProject section */
		BC44602020AA6C0D00CFF542 /* Project object */ = {
			isa = PBXProject;
			attributes = {
				LastSwiftUpdateCheck = 0930;
				LastUpgradeCheck = 0930;
				ORGANIZATIONNAME = "Lei Fu";
				TargetAttributes = {
					BC44602720AA6C0D00CFF542 = {
						CreatedOnToolsVersion = 9.3;
					};
				};
			};
			buildConfigurationList = BC44602320AA6C0D00CFF542 /* Build configuration list for PBXProject "PlayingCard" */;
			compatibilityVersion = "Xcode 9.3";
			developmentRegion = en;
			hasScannedForEncodings = 0;
			knownRegions = (
				en,
				Base,
			);
			mainGroup = BC44601F20AA6C0D00CFF542;
			productRefGroup = BC44602920AA6C0D00CFF542 /* Products */;
			projectDirPath = "";
			projectRoot = "";
			targets = (
				BC44602720AA6C0D00CFF542 /* PlayingCard */,
			);
		};
/* End PBXProject section */

/* Begin PBXResourcesBuildPhase section */
		BC44602620AA6C0D00CFF542 /* Resources */ = {
			isa = PBXResourcesBuildPhase;
			buildActionMask = 2147483647;
			files = (
				BC44603620AA6C0E00CFF542 /* LaunchScreen.storyboard in Resources */,
				BC44603320AA6C0E00CFF542 /* Assets.xcassets in Resources */,
				BC44603120AA6C0D00CFF542 /* Main.storyboard in Resources */,
			);
			runOnlyForDeploymentPostprocessing = 0;
		};
/* End PBXResourcesBuildPhase section */

/* Begin PBXSourcesBuildPhase section */
		BC44602420AA6C0D00CFF542 /* Sources */ = {
			isa = PBXSourcesBuildPhase;
			buildActionMask = 2147483647;
			files = (
				BC44602E20AA6C0D00CFF542 /* ViewController.swift in Sources */,
				BC44604120AA9A8700CFF542 /* playingCardDeck.swift in Sources */,
				BC44603F20AA6CC300CFF542 /* PlayingCard.swift in Sources */,
				BC44602C20AA6C0D00CFF542 /* AppDelegate.swift in Sources */,
			);
			runOnlyForDeploymentPostprocessing = 0;
		};
/* End PBXSourcesBuildPhase section */

/* Begin PBXVariantGroup section */
		BC44602F20AA6C0D00CFF542 /* Main.storyboard */ = {
			isa = PBXVariantGroup;
			children = (
				BC44603020AA6C0D00CFF542 /* Base */,
			);
			name = Main.storyboard;
			sourceTree = "<group>";
		};
		BC44603420AA6C0E00CFF542 /* LaunchScreen.storyboard */ = {
			isa = PBXVariantGroup;
			children = (
				BC44603520AA6C0E00CFF542 /* Base */,
			);
			name = LaunchScreen.storyboard;
			sourceTree = "<group>";
		};
/* End PBXVariantGroup section */

/* Begin XCBuildConfiguration section */
		BC44603820AA6C0E00CFF542 /* Debug */ = {
			isa = XCBuildConfiguration;
			buildSettings = {
				ALWAYS_SEARCH_USER_PATHS = NO;
				CLANG_ANALYZER_NONNULL = YES;
				CLANG_ANALYZER_NUMBER_OBJECT_CONVERSION = YES_AGGRESSIVE;
				CLANG_CXX_LANGUAGE_STANDARD = "gnu++14";
				CLANG_CXX_LIBRARY = "libc++";
				CLANG_ENABLE_MODULES = YES;
				CLANG_ENABLE_OBJC_ARC = YES;
				CLANG_ENABLE_OBJC_WEAK = YES;
				CLANG_WARN_BLOCK_CAPTURE_AUTORELEASING = YES;
				CLANG_WARN_BOOL_CONVERSION = YES;
				CLANG_WARN_COMMA = YES;
				CLANG_WARN_CONSTANT_CONVERSION = YES;
				CLANG_WARN_DEPRECATED_OBJC_IMPLEMENTATIONS = YES;
				CLANG_WARN_DIRECT_OBJC_ISA_USAGE = YES_ERROR;
				CLANG_WARN_DOCUMENTATION_COMMENTS = YES;
				CLANG_WARN_EMPTY_BODY = YES;
				CLANG_WARN_ENUM_CONVERSION = YES;
				CLANG_WARN_INFINITE_RECURSION = YES;
				CLANG_WARN_INT_CONVERSION = YES;
				CLANG_WARN_NON_LITERAL_NULL_CONVERSION = YES;
				CLANG_WARN_OBJC_IMPLICIT_RETAIN_SELF = YES;
				CLANG_WARN_OBJC_LITERAL_CONVERSION = YES;
				CLANG_WARN_OBJC_ROOT_CLASS = YES_ERROR;
				CLANG_WARN_RANGE_LOOP_ANALYSIS = YES;
				CLANG_WARN_STRICT_PROTOTYPES = YES;
				CLANG_WARN_SUSPICIOUS_MOVE = YES;
				CLANG_WARN_UNGUARDED_AVAILABILITY = YES_AGGRESSIVE;
				CLANG_WARN_UNREACHABLE_CODE = YES;
				CLANG_WARN__DUPLICATE_METHOD_MATCH = YES;
				CODE_SIGN_IDENTITY = "iPhone Developer";
				COPY_PHASE_STRIP = NO;
				DEBUG_INFORMATION_FORMAT = dwarf;
				ENABLE_STRICT_OBJC_MSGSEND = YES;
				ENABLE_TESTABILITY = YES;
				GCC_C_LANGUAGE_STANDARD = gnu11;
				GCC_DYNAMIC_NO_PIC = NO;
				GCC_NO_COMMON_BLOCKS = YES;
				GCC_OPTIMIZATION_LEVEL = 0;
				GCC_PREPROCESSOR_DEFINITIONS = (
					"DEBUG=1",
					"$(inherited)",
				);
				GCC_WARN_64_TO_32_BIT_CONVERSION = YES;
				GCC_WARN_ABOUT_RETURN_TYPE = YES_ERROR;
				GCC_WARN_UNDECLARED_SELECTOR = YES;
				GCC_WARN_UNINITIALIZED_AUTOS = YES_AGGRESSIVE;
				GCC_WARN_UNUSED_FUNCTION = YES;
				GCC_WARN_UNUSED_VARIABLE = YES;
				IPHONEOS_DEPLOYMENT_TARGET = 11.3;
				MTL_ENABLE_DEBUG_INFO = YES;
				ONLY_ACTIVE_ARCH = YES;
				SDKROOT = iphoneos;
				SWIFT_ACTIVE_COMPILATION_CONDITIONS = DEBUG;
				SWIFT_OPTIMIZATION_LEVEL = "-Onone";
			};
			name = Debug;
		};
		BC44603920AA6C0E00CFF542 /* Release */ = {
			isa = XCBuildConfiguration;
			buildSettings = {
				ALWAYS_SEARCH_USER_PATHS = NO;
				CLANG_ANALYZER_NONNULL = YES;
				CLANG_ANALYZER_NUMBER_OBJECT_CONVERSION = YES_AGGRESSIVE;
				CLANG_CXX_LANGUAGE_STANDARD = "gnu++14";
				CLANG_CXX_LIBRARY = "libc++";
				CLANG_ENABLE_MODULES = YES;
				CLANG_ENABLE_OBJC_ARC = YES;
				CLANG_ENABLE_OBJC_WEAK = YES;
				CLANG_WARN_BLOCK_CAPTURE_AUTORELEASING = YES;
				CLANG_WARN_BOOL_CONVERSION = YES;
				CLANG_WARN_COMMA = YES;
				CLANG_WARN_CONSTANT_CONVERSION = YES;
				CLANG_WARN_DEPRECATED_OBJC_IMPLEMENTATIONS = YES;
				CLANG_WARN_DIRECT_OBJC_ISA_USAGE = YES_ERROR;
				CLANG_WARN_DOCUMENTATION_COMMENTS = YES;
				CLANG_WARN_EMPTY_BODY = YES;
				CLANG_WARN_ENUM_CONVERSION = YES;
				CLANG_WARN_INFINITE_RECURSION = YES;
				CLANG_WARN_INT_CONVERSION = YES;
				CLANG_WARN_NON_LITERAL_NULL_CONVERSION = YES;
				CLANG_WARN_OBJC_IMPLICIT_RETAIN_SELF = YES;
				CLANG_WARN_OBJC_LITERAL_CONVERSION = YES;
				CLANG_WARN_OBJC_ROOT_CLASS = YES_ERROR;
				CLANG_WARN_RANGE_LOOP_ANALYSIS = YES;
				CLANG_WARN_STRICT_PROTOTYPES = YES;
				CLANG_WARN_SUSPICIOUS_MOVE = YES;
				CLANG_WARN_UNGUARDED_AVAILABILITY = YES_AGGRESSIVE;
				CLANG_WARN_UNREACHABLE_CODE = YES;
				CLANG_WARN__DUPLICATE_METHOD_MATCH = YES;
				CODE_SIGN_IDENTITY = "iPhone Developer";
				COPY_PHASE_STRIP = NO;
				DEBUG_INFORMATION_FORMAT = "dwarf-with-dsym";
				ENABLE_NS_ASSERTIONS = NO;
				ENABLE_STRICT_OBJC_MSGSEND = YES;
				GCC_C_LANGUAGE_STANDARD = gnu11;
				GCC_NO_COMMON_BLOCKS = YES;
				GCC_WARN_64_TO_32_BIT_CONVERSION = YES;
				GCC_WARN_ABOUT_RETURN_TYPE = YES_ERROR;
				GCC_WARN_UNDECLARED_SELECTOR = YES;
				GCC_WARN_UNINITIALIZED_AUTOS = YES_AGGRESSIVE;
				GCC_WARN_UNUSED_FUNCTION = YES;
				GCC_WARN_UNUSED_VARIABLE = YES;
				IPHONEOS_DEPLOYMENT_TARGET = 11.3;
				MTL_ENABLE_DEBUG_INFO = NO;
				SDKROOT = iphoneos;
				SWIFT_COMPILATION_MODE = wholemodule;
				SWIFT_OPTIMIZATION_LEVEL = "-O";
				VALIDATE_PRODUCT = YES;
			};
			name = Release;
		};
		BC44603B20AA6C0E00CFF542 /* Debug */ = {
			isa = XCBuildConfiguration;
			buildSettings = {
				ASSETCATALOG_COMPILER_APPICON_NAME = AppIcon;
				CODE_SIGN_STYLE = Automatic;
				INFOPLIST_FILE = PlayingCard/Info.plist;
				LD_RUNPATH_SEARCH_PATHS = (
					"$(inherited)",
					"@executable_path/Frameworks",
				);
				PRODUCT_BUNDLE_IDENTIFIER = edu.byuh.fulei888.PlayingCard.PlayingCard;
				PRODUCT_NAME = "$(TARGET_NAME)";
				SWIFT_VERSION = 4.0;
				TARGETED_DEVICE_FAMILY = "1,2";
			};
			name = Debug;
		};
		BC44603C20AA6C0E00CFF542 /* Release */ = {
			isa = XCBuildConfiguration;
			buildSettings = {
				ASSETCATALOG_COMPILER_APPICON_NAME = AppIcon;
				CODE_SIGN_STYLE = Automatic;
				INFOPLIST_FILE = PlayingCard/Info.plist;
				LD_RUNPATH_SEARCH_PATHS = (
					"$(inherited)",
					"@executable_path/Frameworks",
				);
				PRODUCT_BUNDLE_IDENTIFIER = edu.byuh.fulei888.PlayingCard.PlayingCard;
				PRODUCT_NAME = "$(TARGET_NAME)";
				SWIFT_VERSION = 4.0;
				TARGETED_DEVICE_FAMILY = "1,2";
			};
			name = Release;
		};
/* End XCBuildConfiguration section */

/* Begin XCConfigurationList section */
		BC44602320AA6C0D00CFF542 /* Build configuration list for PBXProject "PlayingCard" */ = {
			isa = XCConfigurationList;
			buildConfigurations = (
				BC44603820AA6C0E00CFF542 /* Debug */,
				BC44603920AA6C0E00CFF542 /* Release */,
			);
			defaultConfigurationIsVisible = 0;
			defaultConfigurationName = Release;
		};
		BC44603A20AA6C0E00CFF542 /* Build configuration list for PBXNativeTarget "PlayingCard" */ = {
			isa = XCConfigurationList;
			buildConfigurations = (
				BC44603B20AA6C0E00CFF542 /* Debug */,
				BC44603C20AA6C0E00CFF542 /* Release */,
			);
			defaultConfigurationIsVisible = 0;
			defaultConfigurationName = Release;
		};
/* End XCConfigurationList section */
	};
	rootObject = BC44602020AA6C0D00CFF542 /* Project object */;
}
